// !$*UTF8*$!
{
	archiveVersion = 1;
	classes = {
	};
	objectVersion = 77;
	objects = {

/* Begin PBXBuildFile section */
		00D2184620E75F5220E16288 /* SidebarSelection.swift in Sources */ = {isa = PBXBuildFile; fileRef = 7D45273CCFDF0900BE1142A5 /* SidebarSelection.swift */; };
		02CD1D56F06F44F045B838EA /* ModelsTests.swift in Sources */ = {isa = PBXBuildFile; fileRef = 0376C061DCE08A242E9B349A /* ModelsTests.swift */; };
		06D39198121162064798816A /* CloudSyncStatusRow.swift in Sources */ = {isa = PBXBuildFile; fileRef = 49269C3629BF0756B51F7C1D /* CloudSyncStatusRow.swift */; };
		0899566DE225846D3FD10FBD /* IssueBodyParserTests.swift in Sources */ = {isa = PBXBuildFile; fileRef = 1E82DAEA39278D09C6F83D6A /* IssueBodyParserTests.swift */; };
		0E54C6D9A78AA7FBF57A04CD /* IssueLoaderTests.swift in Sources */ = {isa = PBXBuildFile; fileRef = 903D78E017E8D55A5529822F /* IssueLoaderTests.swift */; };
		153EF47B6C65BFF52B2257C9 /* RepoSectionView.swift in Sources */ = {isa = PBXBuildFile; fileRef = 246E5DA82B7EDBD9337F68E9 /* RepoSectionView.swift */; };
		1577DC0BC8722C947D30CCA1 /* IssueListView.swift in Sources */ = {isa = PBXBuildFile; fileRef = D35D37984A2CF87D2C03479A /* IssueListView.swift */; };
		163F9EDEE630D71D09691AE3 /* RepoConfig.swift in Sources */ = {isa = PBXBuildFile; fileRef = CB4F1AB8C4EA41A8708C1EA3 /* RepoConfig.swift */; };
		17DFCB3D1828D23DB77E472B /* RepoStore.swift in Sources */ = {isa = PBXBuildFile; fileRef = C4E685E33A4C31C05457EAC3 /* RepoStore.swift */; };
		1A5087796E77E3A1B3254A6A /* AddEditRepoView.swift in Sources */ = {isa = PBXBuildFile; fileRef = DA2585A8442E3BBFF49D6958 /* AddEditRepoView.swift */; };
		1CF1DBFBD18235D25DF8D101 /* IssueBodyParser.swift in Sources */ = {isa = PBXBuildFile; fileRef = 2EA9ED253AAB1648CE69C3C8 /* IssueBodyParser.swift */; };
		1EC8163F7DEE0525965BFCA1 /* Repo.swift in Sources */ = {isa = PBXBuildFile; fileRef = 21BC609BC2D10473659865E1 /* Repo.swift */; };
		1FC6FF311F9D78628F13989A /* ColorPalette.swift in Sources */ = {isa = PBXBuildFile; fileRef = A2F615F5DA761C32F8566101 /* ColorPalette.swift */; };
		1FFBC02E1CD2B43D200270EF /* ColorPaletteTests.swift in Sources */ = {isa = PBXBuildFile; fileRef = BBD948EB35D428BC8AD5D517 /* ColorPaletteTests.swift */; };
		2458F0500B5FF5AE2AAC56E0 /* GitHubAuthService.swift in Sources */ = {isa = PBXBuildFile; fileRef = 06966BDC1078923389E15249 /* GitHubAuthService.swift */; };
		25F7B59FEC7FE618A2DDE973 /* IssueBodyParser.swift in Sources */ = {isa = PBXBuildFile; fileRef = 2EA9ED253AAB1648CE69C3C8 /* IssueBodyParser.swift */; };
		2691E53189E014D7B36A236C /* ColorPalette.swift in Sources */ = {isa = PBXBuildFile; fileRef = A2F615F5DA761C32F8566101 /* ColorPalette.swift */; };
		2C178B6BDA408AF752A96ECA /* GitHubAuthTests.swift in Sources */ = {isa = PBXBuildFile; fileRef = 7A20FA7E90167D159840CB34 /* GitHubAuthTests.swift */; };
		302B3F175D4ECEA78AD65FBE /* CloudSyncStatus.swift in Sources */ = {isa = PBXBuildFile; fileRef = 4EADC7EBFDDAE8FAAA839A09 /* CloudSyncStatus.swift */; };
		30F1CB706C0706655B42707A /* SidebarView.swift in Sources */ = {isa = PBXBuildFile; fileRef = BB29F50E5FCD4805C5960079 /* SidebarView.swift */; };
		3205B78847815D3A10940230 /* RepoStoreTests.swift in Sources */ = {isa = PBXBuildFile; fileRef = 362B178DE65AC41CBE9665EC /* RepoStoreTests.swift */; };
		38EC294B4EE9CC45E2839A1D /* RepoConfig.swift in Sources */ = {isa = PBXBuildFile; fileRef = CB4F1AB8C4EA41A8708C1EA3 /* RepoConfig.swift */; };
		391FB12149E53F097791666F /* SettingsView.swift in Sources */ = {isa = PBXBuildFile; fileRef = 68B931F0D2D397FA605DCCBA /* SettingsView.swift */; };
		3C6E952703DE6A0762C09A98 /* RepoTests.swift in Sources */ = {isa = PBXBuildFile; fileRef = B9E1CC5A4E26DBA9C9751A90 /* RepoTests.swift */; };
		3D2D22659A73D049363DE6D9 /* IssueCardView.swift in Sources */ = {isa = PBXBuildFile; fileRef = 7B47F8578C6AACFA2B16D08C /* IssueCardView.swift */; };
		3F5B521DE12C89725A89F562 /* RepoSectionView.swift in Sources */ = {isa = PBXBuildFile; fileRef = 246E5DA82B7EDBD9337F68E9 /* RepoSectionView.swift */; };
		4630F99F04FA2ACAC0C122FF /* AppRowView.swift in Sources */ = {isa = PBXBuildFile; fileRef = 74EC251FE14CC5A2EFB9BB14 /* AppRowView.swift */; };
		498F0869FEC01004955BBB8D /* AddEditRepoView.swift in Sources */ = {isa = PBXBuildFile; fileRef = DA2585A8442E3BBFF49D6958 /* AddEditRepoView.swift */; };
		50C66BC87F07C4DFD441679E /* IssueLoaderTests.swift in Sources */ = {isa = PBXBuildFile; fileRef = 903D78E017E8D55A5529822F /* IssueLoaderTests.swift */; };
		5186259ECF88622D3F9C91EF /* GitHubAPIModels.swift in Sources */ = {isa = PBXBuildFile; fileRef = 50EF2D601AE7014E90E1F8AF /* GitHubAPIModels.swift */; };
		531DB32D49CF59E17B8EA499 /* GitHubAuthService.swift in Sources */ = {isa = PBXBuildFile; fileRef = 06966BDC1078923389E15249 /* GitHubAuthService.swift */; };
		57A1B6E768B25DD22D47D28B /* AppFeedbackTests.swift in Sources */ = {isa = PBXBuildFile; fileRef = 98F8C9ECF3F6884F65EFEE8D /* AppFeedbackTests.swift */; };
		6645EA25CABF717B2D1B6E09 /* IssueCardView.swift in Sources */ = {isa = PBXBuildFile; fileRef = 7B47F8578C6AACFA2B16D08C /* IssueCardView.swift */; };
		677FA0A37ED1C2356AEE47E1 /* AppFeedbackTests.swift in Sources */ = {isa = PBXBuildFile; fileRef = 98F8C9ECF3F6884F65EFEE8D /* AppFeedbackTests.swift */; };
		6F4322ADD276DC8E84E3ACEF /* FilterBarView.swift in Sources */ = {isa = PBXBuildFile; fileRef = A5A00E7444118AEC76580EAB /* FilterBarView.swift */; };
		70CBB922382FA90982EC8DB5 /* AppFeedbackApp.swift in Sources */ = {isa = PBXBuildFile; fileRef = ADB9724B7CB5D9FF9058FEE4 /* AppFeedbackApp.swift */; };
		71368B398604FB8ADBA5A14A /* AppFeedbackApp.swift in Sources */ = {isa = PBXBuildFile; fileRef = ADB9724B7CB5D9FF9058FEE4 /* AppFeedbackApp.swift */; };
		73F620747190D52589CD56C2 /* IssueBodyParserTests.swift in Sources */ = {isa = PBXBuildFile; fileRef = 1E82DAEA39278D09C6F83D6A /* IssueBodyParserTests.swift */; };
		74B69DFC16D5840BEE1A575A /* SidebarSelection.swift in Sources */ = {isa = PBXBuildFile; fileRef = 7D45273CCFDF0900BE1142A5 /* SidebarSelection.swift */; };
		782DFA0D5F5B0CB20163FCBA /* GitHubLoginView.swift in Sources */ = {isa = PBXBuildFile; fileRef = 8179D7E75894D24AAF1B685B /* GitHubLoginView.swift */; };
		79081346B12D94B6E60A2D42 /* FilterBarView.swift in Sources */ = {isa = PBXBuildFile; fileRef = A5A00E7444118AEC76580EAB /* FilterBarView.swift */; };
		7A2403C90C2120458BEDA8B7 /* GitHubAuthModels.swift in Sources */ = {isa = PBXBuildFile; fileRef = DD959DEDBC95A458BAD75F14 /* GitHubAuthModels.swift */; };
		7B8BCFC7FC5636D0038B7FF3 /* Repo.swift in Sources */ = {isa = PBXBuildFile; fileRef = 21BC609BC2D10473659865E1 /* Repo.swift */; };
		7FFFB0770659A4F9F59648F9 /* CloudSyncStatusRow.swift in Sources */ = {isa = PBXBuildFile; fileRef = 49269C3629BF0756B51F7C1D /* CloudSyncStatusRow.swift */; };
		836FFB069E523420DA80733C /* ModelsTests.swift in Sources */ = {isa = PBXBuildFile; fileRef = 0376C061DCE08A242E9B349A /* ModelsTests.swift */; };
		83CECBE7C21FE854EA0AC18A /* ColorPaletteTests.swift in Sources */ = {isa = PBXBuildFile; fileRef = BBD948EB35D428BC8AD5D517 /* ColorPaletteTests.swift */; };
		856830AFA2C9B3E9D9F938D9 /* IssueLoader.swift in Sources */ = {isa = PBXBuildFile; fileRef = E03BB1B8AFFBECF24C7950C8 /* IssueLoader.swift */; };
		8792D33C9D64EA70301862E5 /* RootView.swift in Sources */ = {isa = PBXBuildFile; fileRef = 93179C8985C6D0A9B67E82F8 /* RootView.swift */; };
		8BC091FBDEDB2201F66C84EF /* IssueListView.swift in Sources */ = {isa = PBXBuildFile; fileRef = D35D37984A2CF87D2C03479A /* IssueListView.swift */; };
		95C780F86DEB1FEF68E14805 /* IssueListViewModelTests.swift in Sources */ = {isa = PBXBuildFile; fileRef = 10EE93E06CD371298BA38A85 /* IssueListViewModelTests.swift */; };
		996661BA2AEC20636C5841C9 /* GitHubLoginView.swift in Sources */ = {isa = PBXBuildFile; fileRef = 8179D7E75894D24AAF1B685B /* GitHubLoginView.swift */; };
		9B708FEC07AC11FC2714A83B /* IssueListViewModel.swift in Sources */ = {isa = PBXBuildFile; fileRef = 428A7B5EF942709FB3DA4EE5 /* IssueListViewModel.swift */; };
		9D6D08D05D3623D6DD8C70CC /* MockURLProtocol.swift in Sources */ = {isa = PBXBuildFile; fileRef = 862BA4BF33A265329E335DDE /* MockURLProtocol.swift */; };
		A39AE526357FEEAFB785BCA5 /* MockURLProtocol.swift in Sources */ = {isa = PBXBuildFile; fileRef = 862BA4BF33A265329E335DDE /* MockURLProtocol.swift */; };
		A5E4894A6D7EF95BFC260B9A /* CloudSyncStatusTests.swift in Sources */ = {isa = PBXBuildFile; fileRef = 1A5E9D6EA54332099D0A0E76 /* CloudSyncStatusTests.swift */; };
		A7E7D1F467C7C3110AE5BC29 /* RepoStoreTests.swift in Sources */ = {isa = PBXBuildFile; fileRef = 362B178DE65AC41CBE9665EC /* RepoStoreTests.swift */; };
		AD72C524AE9F03E7E1FD6484 /* KeychainService.swift in Sources */ = {isa = PBXBuildFile; fileRef = 9FAC042F79EF94F76B9A8077 /* KeychainService.swift */; };
		B0497F396DF93412A1B1C2B7 /* GitHubAuthTests.swift in Sources */ = {isa = PBXBuildFile; fileRef = 7A20FA7E90167D159840CB34 /* GitHubAuthTests.swift */; };
		B9689C8F511CEFFC7154AE31 /* CloudSyncStatusTests.swift in Sources */ = {isa = PBXBuildFile; fileRef = 1A5E9D6EA54332099D0A0E76 /* CloudSyncStatusTests.swift */; };
		C5F9AD045CE8F894837E968F /* SidebarView.swift in Sources */ = {isa = PBXBuildFile; fileRef = BB29F50E5FCD4805C5960079 /* SidebarView.swift */; };
		C630FC9D5EC159FD8D9C100C /* RootView.swift in Sources */ = {isa = PBXBuildFile; fileRef = 93179C8985C6D0A9B67E82F8 /* RootView.swift */; };
		C8B0A33BDD691C4C94FF30E2 /* AppRowView.swift in Sources */ = {isa = PBXBuildFile; fileRef = 74EC251FE14CC5A2EFB9BB14 /* AppRowView.swift */; };
		C9332423AA912E83E6F32921 /* IssueListViewModel.swift in Sources */ = {isa = PBXBuildFile; fileRef = 428A7B5EF942709FB3DA4EE5 /* IssueListViewModel.swift */; };
		C9CAB46A8636312907588E63 /* FeedbackIssue.swift in Sources */ = {isa = PBXBuildFile; fileRef = F4CA31D8EBA15B135854E873 /* FeedbackIssue.swift */; };
		CF6DC4E4B879F0BEFD3C2E19 /* IssueLoader.swift in Sources */ = {isa = PBXBuildFile; fileRef = E03BB1B8AFFBECF24C7950C8 /* IssueLoader.swift */; };
		DA1B584394BD3EE40D2D0324 /* SettingsView.swift in Sources */ = {isa = PBXBuildFile; fileRef = 68B931F0D2D397FA605DCCBA /* SettingsView.swift */; };
		DBB188271BB3EFB984EFB998 /* RepoStore.swift in Sources */ = {isa = PBXBuildFile; fileRef = C4E685E33A4C31C05457EAC3 /* RepoStore.swift */; };
		E1B284FC2FFA5E1D746E4B88 /* RepoTests.swift in Sources */ = {isa = PBXBuildFile; fileRef = B9E1CC5A4E26DBA9C9751A90 /* RepoTests.swift */; };
		E3611B8BC7E8C7EE99D7407D /* FeedbackIssue.swift in Sources */ = {isa = PBXBuildFile; fileRef = F4CA31D8EBA15B135854E873 /* FeedbackIssue.swift */; };
		EA29D7D0BC140D0B14DDAAD6 /* GitHubAuthModels.swift in Sources */ = {isa = PBXBuildFile; fileRef = DD959DEDBC95A458BAD75F14 /* GitHubAuthModels.swift */; };
		EAA87A8FDD3C715F27C72924 /* KeychainService.swift in Sources */ = {isa = PBXBuildFile; fileRef = 9FAC042F79EF94F76B9A8077 /* KeychainService.swift */; };
		F4A10388C761178F5BBDD845 /* CloudSyncStatus.swift in Sources */ = {isa = PBXBuildFile; fileRef = 4EADC7EBFDDAE8FAAA839A09 /* CloudSyncStatus.swift */; };
		F89204E74E5F3287ABF63651 /* GitHubAPIModels.swift in Sources */ = {isa = PBXBuildFile; fileRef = 50EF2D601AE7014E90E1F8AF /* GitHubAPIModels.swift */; };
		F9726B0E943C3131909A4868 /* IssueListViewModelTests.swift in Sources */ = {isa = PBXBuildFile; fileRef = 10EE93E06CD371298BA38A85 /* IssueListViewModelTests.swift */; };
/* End PBXBuildFile section */

/* Begin PBXContainerItemProxy section */
		2C506930D3B61CA8C8AFBF64 /* PBXContainerItemProxy */ = {
			isa = PBXContainerItemProxy;
			containerPortal = 2055BE55033CEB050CECB882 /* Project object */;
			proxyType = 1;
			remoteGlobalIDString = 8853BB5D103CA8AE5D6613DC;
			remoteInfo = AppFeedback_iOS;
		};
		90EDAD20D9B7E1D8150BBC27 /* PBXContainerItemProxy */ = {
			isa = PBXContainerItemProxy;
			containerPortal = 2055BE55033CEB050CECB882 /* Project object */;
			proxyType = 1;
			remoteGlobalIDString = 20A26AC69E1ED7451DB998BE;
			remoteInfo = AppFeedback_macOS;
		};
/* End PBXContainerItemProxy section */

/* Begin PBXFileReference section */
		005F6BC6E30CFBFB803770A1 /* AppFeedback.app */ = {isa = PBXFileReference; includeInIndex = 0; lastKnownFileType = wrapper.application; path = AppFeedback.app; sourceTree = BUILT_PRODUCTS_DIR; };
		0376C061DCE08A242E9B349A /* ModelsTests.swift */ = {isa = PBXFileReference; lastKnownFileType = sourcecode.swift; path = ModelsTests.swift; sourceTree = "<group>"; };
		06966BDC1078923389E15249 /* GitHubAuthService.swift */ = {isa = PBXFileReference; lastKnownFileType = sourcecode.swift; path = GitHubAuthService.swift; sourceTree = "<group>"; };
		10EE93E06CD371298BA38A85 /* IssueListViewModelTests.swift */ = {isa = PBXFileReference; lastKnownFileType = sourcecode.swift; path = IssueListViewModelTests.swift; sourceTree = "<group>"; };
		1A5E9D6EA54332099D0A0E76 /* CloudSyncStatusTests.swift */ = {isa = PBXFileReference; lastKnownFileType = sourcecode.swift; path = CloudSyncStatusTests.swift; sourceTree = "<group>"; };
		1E82DAEA39278D09C6F83D6A /* IssueBodyParserTests.swift */ = {isa = PBXFileReference; lastKnownFileType = sourcecode.swift; path = IssueBodyParserTests.swift; sourceTree = "<group>"; };
		21BC609BC2D10473659865E1 /* Repo.swift */ = {isa = PBXFileReference; lastKnownFileType = sourcecode.swift; path = Repo.swift; sourceTree = "<group>"; };
		246E5DA82B7EDBD9337F68E9 /* RepoSectionView.swift */ = {isa = PBXFileReference; lastKnownFileType = sourcecode.swift; path = RepoSectionView.swift; sourceTree = "<group>"; };
		2EA9ED253AAB1648CE69C3C8 /* IssueBodyParser.swift */ = {isa = PBXFileReference; lastKnownFileType = sourcecode.swift; path = IssueBodyParser.swift; sourceTree = "<group>"; };
		362B178DE65AC41CBE9665EC /* RepoStoreTests.swift */ = {isa = PBXFileReference; lastKnownFileType = sourcecode.swift; path = RepoStoreTests.swift; sourceTree = "<group>"; };
		428A7B5EF942709FB3DA4EE5 /* IssueListViewModel.swift */ = {isa = PBXFileReference; lastKnownFileType = sourcecode.swift; path = IssueListViewModel.swift; sourceTree = "<group>"; };
		484D0449B3635E27795DA4BC /* AppFeedbackTests.xctest */ = {isa = PBXFileReference; explicitFileType = wrapper.cfbundle; includeInIndex = 0; path = AppFeedbackTests.xctest; sourceTree = BUILT_PRODUCTS_DIR; };
		49269C3629BF0756B51F7C1D /* CloudSyncStatusRow.swift */ = {isa = PBXFileReference; lastKnownFileType = sourcecode.swift; path = CloudSyncStatusRow.swift; sourceTree = "<group>"; };
		4EADC7EBFDDAE8FAAA839A09 /* CloudSyncStatus.swift */ = {isa = PBXFileReference; lastKnownFileType = sourcecode.swift; path = CloudSyncStatus.swift; sourceTree = "<group>"; };
		50EF2D601AE7014E90E1F8AF /* GitHubAPIModels.swift */ = {isa = PBXFileReference; lastKnownFileType = sourcecode.swift; path = GitHubAPIModels.swift; sourceTree = "<group>"; };
		68B931F0D2D397FA605DCCBA /* SettingsView.swift */ = {isa = PBXFileReference; lastKnownFileType = sourcecode.swift; path = SettingsView.swift; sourceTree = "<group>"; };
		6BABB38B3390AB1C37B91504 /* AppFeedbackTests.xctest */ = {isa = PBXFileReference; includeInIndex = 0; lastKnownFileType = wrapper.cfbundle; path = AppFeedbackTests.xctest; sourceTree = BUILT_PRODUCTS_DIR; };
		74EC251FE14CC5A2EFB9BB14 /* AppRowView.swift */ = {isa = PBXFileReference; lastKnownFileType = sourcecode.swift; path = AppRowView.swift; sourceTree = "<group>"; };
		7A20FA7E90167D159840CB34 /* GitHubAuthTests.swift */ = {isa = PBXFileReference; lastKnownFileType = sourcecode.swift; path = GitHubAuthTests.swift; sourceTree = "<group>"; };
		7B47F8578C6AACFA2B16D08C /* IssueCardView.swift */ = {isa = PBXFileReference; lastKnownFileType = sourcecode.swift; path = IssueCardView.swift; sourceTree = "<group>"; };
		7D45273CCFDF0900BE1142A5 /* SidebarSelection.swift */ = {isa = PBXFileReference; lastKnownFileType = sourcecode.swift; path = SidebarSelection.swift; sourceTree = "<group>"; };
		8179D7E75894D24AAF1B685B /* GitHubLoginView.swift */ = {isa = PBXFileReference; lastKnownFileType = sourcecode.swift; path = GitHubLoginView.swift; sourceTree = "<group>"; };
		862BA4BF33A265329E335DDE /* MockURLProtocol.swift */ = {isa = PBXFileReference; lastKnownFileType = sourcecode.swift; path = MockURLProtocol.swift; sourceTree = "<group>"; };
		903D78E017E8D55A5529822F /* IssueLoaderTests.swift */ = {isa = PBXFileReference; lastKnownFileType = sourcecode.swift; path = IssueLoaderTests.swift; sourceTree = "<group>"; };
		93179C8985C6D0A9B67E82F8 /* RootView.swift */ = {isa = PBXFileReference; lastKnownFileType = sourcecode.swift; path = RootView.swift; sourceTree = "<group>"; };
		98F8C9ECF3F6884F65EFEE8D /* AppFeedbackTests.swift */ = {isa = PBXFileReference; lastKnownFileType = sourcecode.swift; path = AppFeedbackTests.swift; sourceTree = "<group>"; };
		9FAC042F79EF94F76B9A8077 /* KeychainService.swift */ = {isa = PBXFileReference; lastKnownFileType = sourcecode.swift; path = KeychainService.swift; sourceTree = "<group>"; };
		A2F615F5DA761C32F8566101 /* ColorPalette.swift */ = {isa = PBXFileReference; lastKnownFileType = sourcecode.swift; path = ColorPalette.swift; sourceTree = "<group>"; };
		A5A00E7444118AEC76580EAB /* FilterBarView.swift */ = {isa = PBXFileReference; lastKnownFileType = sourcecode.swift; path = FilterBarView.swift; sourceTree = "<group>"; };
		ADB9724B7CB5D9FF9058FEE4 /* AppFeedbackApp.swift */ = {isa = PBXFileReference; lastKnownFileType = sourcecode.swift; path = AppFeedbackApp.swift; sourceTree = "<group>"; };
		B9E1CC5A4E26DBA9C9751A90 /* RepoTests.swift */ = {isa = PBXFileReference; lastKnownFileType = sourcecode.swift; path = RepoTests.swift; sourceTree = "<group>"; };
		BB29F50E5FCD4805C5960079 /* SidebarView.swift */ = {isa = PBXFileReference; lastKnownFileType = sourcecode.swift; path = SidebarView.swift; sourceTree = "<group>"; };
		BBD948EB35D428BC8AD5D517 /* ColorPaletteTests.swift */ = {isa = PBXFileReference; lastKnownFileType = sourcecode.swift; path = ColorPaletteTests.swift; sourceTree = "<group>"; };
		BCF69ED394B26CCA8C1563FA /* AppFeedback.entitlements */ = {isa = PBXFileReference; lastKnownFileType = text.plist.entitlements; path = AppFeedback.entitlements; sourceTree = "<group>"; };
		C4E685E33A4C31C05457EAC3 /* RepoStore.swift */ = {isa = PBXFileReference; lastKnownFileType = sourcecode.swift; path = RepoStore.swift; sourceTree = "<group>"; };
		CB4F1AB8C4EA41A8708C1EA3 /* RepoConfig.swift */ = {isa = PBXFileReference; lastKnownFileType = sourcecode.swift; path = RepoConfig.swift; sourceTree = "<group>"; };
		D35D37984A2CF87D2C03479A /* IssueListView.swift */ = {isa = PBXFileReference; lastKnownFileType = sourcecode.swift; path = IssueListView.swift; sourceTree = "<group>"; };
		D6103AF9E531E723A81DA281 /* AppFeedback.app */ = {isa = PBXFileReference; explicitFileType = wrapper.application; includeInIndex = 0; path = AppFeedback.app; sourceTree = BUILT_PRODUCTS_DIR; };
		DA2585A8442E3BBFF49D6958 /* AddEditRepoView.swift */ = {isa = PBXFileReference; lastKnownFileType = sourcecode.swift; path = AddEditRepoView.swift; sourceTree = "<group>"; };
		DD959DEDBC95A458BAD75F14 /* GitHubAuthModels.swift */ = {isa = PBXFileReference; lastKnownFileType = sourcecode.swift; path = GitHubAuthModels.swift; sourceTree = "<group>"; };
		E03BB1B8AFFBECF24C7950C8 /* IssueLoader.swift */ = {isa = PBXFileReference; lastKnownFileType = sourcecode.swift; path = IssueLoader.swift; sourceTree = "<group>"; };
		F4CA31D8EBA15B135854E873 /* FeedbackIssue.swift */ = {isa = PBXFileReference; lastKnownFileType = sourcecode.swift; path = FeedbackIssue.swift; sourceTree = "<group>"; };
/* End PBXFileReference section */

/* Begin PBXGroup section */
		1C0514C3BDE047C16447B825 /* App */ = {
			isa = PBXGroup;
			children = (
				ADB9724B7CB5D9FF9058FEE4 /* AppFeedbackApp.swift */,
				93179C8985C6D0A9B67E82F8 /* RootView.swift */,
			);
			path = App;
			sourceTree = "<group>";
		};
		214A6FD891694E8FB90A6E72 /* Sidebar */ = {
			isa = PBXGroup;
			children = (
				74EC251FE14CC5A2EFB9BB14 /* AppRowView.swift */,
				246E5DA82B7EDBD9337F68E9 /* RepoSectionView.swift */,
				BB29F50E5FCD4805C5960079 /* SidebarView.swift */,
			);
			path = Sidebar;
			sourceTree = "<group>";
		};
		312D687933940BA780263C7D /* AppFeedback */ = {
			isa = PBXGroup;
			children = (
				BCF69ED394B26CCA8C1563FA /* AppFeedback.entitlements */,
				1C0514C3BDE047C16447B825 /* App */,
				B015C42C126643558CDC8C2A /* Models */,
				3B6DF00EB6B01E6EE574B73B /* Services */,
				DBC45B0B866FDE1E4F525BD6 /* ViewModels */,
				46287D59043E93648D3A6F07 /* Views */,
			);
			path = AppFeedback;
			sourceTree = "<group>";
		};
		3B6DF00EB6B01E6EE574B73B /* Services */ = {
			isa = PBXGroup;
			children = (
				4EADC7EBFDDAE8FAAA839A09 /* CloudSyncStatus.swift */,
				A2F615F5DA761C32F8566101 /* ColorPalette.swift */,
				06966BDC1078923389E15249 /* GitHubAuthService.swift */,
				2EA9ED253AAB1648CE69C3C8 /* IssueBodyParser.swift */,
				E03BB1B8AFFBECF24C7950C8 /* IssueLoader.swift */,
				9FAC042F79EF94F76B9A8077 /* KeychainService.swift */,
				C4E685E33A4C31C05457EAC3 /* RepoStore.swift */,
			);
			path = Services;
			sourceTree = "<group>";
		};
		46287D59043E93648D3A6F07 /* Views */ = {
			isa = PBXGroup;
			children = (
				5F5949CE390C8FC11AA2B232 /* Issues */,
				A1235423F6AC682292EBDF93 /* Settings */,
				214A6FD891694E8FB90A6E72 /* Sidebar */,
			);
			path = Views;
			sourceTree = "<group>";
		};
		5F5949CE390C8FC11AA2B232 /* Issues */ = {
			isa = PBXGroup;
			children = (
				A5A00E7444118AEC76580EAB /* FilterBarView.swift */,
				7B47F8578C6AACFA2B16D08C /* IssueCardView.swift */,
				D35D37984A2CF87D2C03479A /* IssueListView.swift */,
			);
			path = Issues;
			sourceTree = "<group>";
		};
		A1235423F6AC682292EBDF93 /* Settings */ = {
			isa = PBXGroup;
			children = (
				DA2585A8442E3BBFF49D6958 /* AddEditRepoView.swift */,
				49269C3629BF0756B51F7C1D /* CloudSyncStatusRow.swift */,
				8179D7E75894D24AAF1B685B /* GitHubLoginView.swift */,
				68B931F0D2D397FA605DCCBA /* SettingsView.swift */,
			);
			path = Settings;
			sourceTree = "<group>";
		};
		B015C42C126643558CDC8C2A /* Models */ = {
			isa = PBXGroup;
			children = (
				F4CA31D8EBA15B135854E873 /* FeedbackIssue.swift */,
				50EF2D601AE7014E90E1F8AF /* GitHubAPIModels.swift */,
				DD959DEDBC95A458BAD75F14 /* GitHubAuthModels.swift */,
				21BC609BC2D10473659865E1 /* Repo.swift */,
				CB4F1AB8C4EA41A8708C1EA3 /* RepoConfig.swift */,
				7D45273CCFDF0900BE1142A5 /* SidebarSelection.swift */,
			);
			path = Models;
			sourceTree = "<group>";
		};
		C476069CF208AC38179610EC /* Products */ = {
			isa = PBXGroup;
			children = (
				005F6BC6E30CFBFB803770A1 /* AppFeedback.app */,
				D6103AF9E531E723A81DA281 /* AppFeedback.app */,
				6BABB38B3390AB1C37B91504 /* AppFeedbackTests.xctest */,
				484D0449B3635E27795DA4BC /* AppFeedbackTests.xctest */,
			);
			name = Products;
			sourceTree = "<group>";
		};
		CE978052D6951857C3AB9185 /* AppFeedbackTests */ = {
			isa = PBXGroup;
			children = (
				98F8C9ECF3F6884F65EFEE8D /* AppFeedbackTests.swift */,
				1A5E9D6EA54332099D0A0E76 /* CloudSyncStatusTests.swift */,
				BBD948EB35D428BC8AD5D517 /* ColorPaletteTests.swift */,
				7A20FA7E90167D159840CB34 /* GitHubAuthTests.swift */,
				1E82DAEA39278D09C6F83D6A /* IssueBodyParserTests.swift */,
				10EE93E06CD371298BA38A85 /* IssueListViewModelTests.swift */,
				903D78E017E8D55A5529822F /* IssueLoaderTests.swift */,
				862BA4BF33A265329E335DDE /* MockURLProtocol.swift */,
				0376C061DCE08A242E9B349A /* ModelsTests.swift */,
				362B178DE65AC41CBE9665EC /* RepoStoreTests.swift */,
				B9E1CC5A4E26DBA9C9751A90 /* RepoTests.swift */,
			);
			path = AppFeedbackTests;
			sourceTree = "<group>";
		};
		DBC45B0B866FDE1E4F525BD6 /* ViewModels */ = {
			isa = PBXGroup;
			children = (
				428A7B5EF942709FB3DA4EE5 /* IssueListViewModel.swift */,
			);
			path = ViewModels;
			sourceTree = "<group>";
		};
		F2C92B65D74897BDED885B02 = {
			isa = PBXGroup;
			children = (
				312D687933940BA780263C7D /* AppFeedback */,
				CE978052D6951857C3AB9185 /* AppFeedbackTests */,
				C476069CF208AC38179610EC /* Products */,
			);
			sourceTree = "<group>";
		};
/* End PBXGroup section */

/* Begin PBXNativeTarget section */
		20A26AC69E1ED7451DB998BE /* AppFeedback_macOS */ = {
			isa = PBXNativeTarget;
			buildConfigurationList = 37E358632307B92B73FE3002 /* Build configuration list for PBXNativeTarget "AppFeedback_macOS" */;
			buildPhases = (
				4CFB28CA28AF90A575B6EA97 /* Sources */,
			);
			buildRules = (
			);
			dependencies = (
			);
			name = AppFeedback_macOS;
			packageProductDependencies = (
			);
			productName = AppFeedback_macOS;
			productReference = D6103AF9E531E723A81DA281 /* AppFeedback.app */;
			productType = "com.apple.product-type.application";
		};
		6A4B861AC86174A978DC0777 /* AppFeedbackTests_iOS */ = {
			isa = PBXNativeTarget;
			buildConfigurationList = CC3EEA99029DD1192566FE3D /* Build configuration list for PBXNativeTarget "AppFeedbackTests_iOS" */;
			buildPhases = (
				C09AA97694318F284FA4ED1C /* Sources */,
			);
			buildRules = (
			);
			dependencies = (
				6AD863EB57D27DCD311EF964 /* PBXTargetDependency */,
			);
			name = AppFeedbackTests_iOS;
			packageProductDependencies = (
			);
			productName = AppFeedbackTests_iOS;
			productReference = 6BABB38B3390AB1C37B91504 /* AppFeedbackTests.xctest */;
			productType = "com.apple.product-type.bundle.unit-test";
		};
		8853BB5D103CA8AE5D6613DC /* AppFeedback_iOS */ = {
			isa = PBXNativeTarget;
			buildConfigurationList = 19AF0B312B2E0704A89DEBA1 /* Build configuration list for PBXNativeTarget "AppFeedback_iOS" */;
			buildPhases = (
				BB957D77255FA8F5A30CF2EA /* Sources */,
			);
			buildRules = (
			);
			dependencies = (
			);
			name = AppFeedback_iOS;
			packageProductDependencies = (
			);
			productName = AppFeedback_iOS;
			productReference = 005F6BC6E30CFBFB803770A1 /* AppFeedback.app */;
			productType = "com.apple.product-type.application";
		};
		E1C35F66081908F9234D1288 /* AppFeedbackTests_macOS */ = {
			isa = PBXNativeTarget;
			buildConfigurationList = 11176A345F4CEFAB23BCE36C /* Build configuration list for PBXNativeTarget "AppFeedbackTests_macOS" */;
			buildPhases = (
				990704633F5E6B8D3CDE0DA3 /* Sources */,
			);
			buildRules = (
			);
			dependencies = (
				0AD7049354C2E9BC3F066AC3 /* PBXTargetDependency */,
			);
			name = AppFeedbackTests_macOS;
			packageProductDependencies = (
			);
			productName = AppFeedbackTests_macOS;
			productReference = 484D0449B3635E27795DA4BC /* AppFeedbackTests.xctest */;
			productType = "com.apple.product-type.bundle.unit-test";
		};
/* End PBXNativeTarget section */

/* Begin PBXProject section */
		2055BE55033CEB050CECB882 /* Project object */ = {
			isa = PBXProject;
			attributes = {
				BuildIndependentTargetsInParallel = YES;
				LastUpgradeCheck = 1430;
				TargetAttributes = {
					20A26AC69E1ED7451DB998BE = {
						ProvisioningStyle = Automatic;
					};
					8853BB5D103CA8AE5D6613DC = {
						ProvisioningStyle = Automatic;
					};
				};
			};
			buildConfigurationList = CB7CC4A370C150727CE6885B /* Build configuration list for PBXProject "AppFeedback" */;
			developmentRegion = en;
			hasScannedForEncodings = 0;
			knownRegions = (
				Base,
				en,
			);
			mainGroup = F2C92B65D74897BDED885B02;
			minimizedProjectReferenceProxies = 1;
			preferredProjectObjectVersion = 77;
			productRefGroup = C476069CF208AC38179610EC /* Products */;
			projectDirPath = "";
			projectRoot = "";
			targets = (
				6A4B861AC86174A978DC0777 /* AppFeedbackTests_iOS */,
				E1C35F66081908F9234D1288 /* AppFeedbackTests_macOS */,
				8853BB5D103CA8AE5D6613DC /* AppFeedback_iOS */,
				20A26AC69E1ED7451DB998BE /* AppFeedback_macOS */,
			);
		};
/* End PBXProject section */

/* Begin PBXSourcesBuildPhase section */
		4CFB28CA28AF90A575B6EA97 /* Sources */ = {
			isa = PBXSourcesBuildPhase;
			buildActionMask = 2147483647;
			files = (
				498F0869FEC01004955BBB8D /* AddEditRepoView.swift in Sources */,
				71368B398604FB8ADBA5A14A /* AppFeedbackApp.swift in Sources */,
				4630F99F04FA2ACAC0C122FF /* AppRowView.swift in Sources */,
				302B3F175D4ECEA78AD65FBE /* CloudSyncStatus.swift in Sources */,
				7FFFB0770659A4F9F59648F9 /* CloudSyncStatusRow.swift in Sources */,
				2691E53189E014D7B36A236C /* ColorPalette.swift in Sources */,
				C9CAB46A8636312907588E63 /* FeedbackIssue.swift in Sources */,
				79081346B12D94B6E60A2D42 /* FilterBarView.swift in Sources */,
				5186259ECF88622D3F9C91EF /* GitHubAPIModels.swift in Sources */,
				7A2403C90C2120458BEDA8B7 /* GitHubAuthModels.swift in Sources */,
				2458F0500B5FF5AE2AAC56E0 /* GitHubAuthService.swift in Sources */,
				996661BA2AEC20636C5841C9 /* GitHubLoginView.swift in Sources */,
				1CF1DBFBD18235D25DF8D101 /* IssueBodyParser.swift in Sources */,
				6645EA25CABF717B2D1B6E09 /* IssueCardView.swift in Sources */,
				8BC091FBDEDB2201F66C84EF /* IssueListView.swift in Sources */,
				9B708FEC07AC11FC2714A83B /* IssueListViewModel.swift in Sources */,
				CF6DC4E4B879F0BEFD3C2E19 /* IssueLoader.swift in Sources */,
				EAA87A8FDD3C715F27C72924 /* KeychainService.swift in Sources */,
				1EC8163F7DEE0525965BFCA1 /* Repo.swift in Sources */,
				163F9EDEE630D71D09691AE3 /* RepoConfig.swift in Sources */,
				153EF47B6C65BFF52B2257C9 /* RepoSectionView.swift in Sources */,
				17DFCB3D1828D23DB77E472B /* RepoStore.swift in Sources */,
				C630FC9D5EC159FD8D9C100C /* RootView.swift in Sources */,
				DA1B584394BD3EE40D2D0324 /* SettingsView.swift in Sources */,
				74B69DFC16D5840BEE1A575A /* SidebarSelection.swift in Sources */,
				C5F9AD045CE8F894837E968F /* SidebarView.swift in Sources */,
			);
			runOnlyForDeploymentPostprocessing = 0;
		};
		990704633F5E6B8D3CDE0DA3 /* Sources */ = {
			isa = PBXSourcesBuildPhase;
			buildActionMask = 2147483647;
			files = (
				677FA0A37ED1C2356AEE47E1 /* AppFeedbackTests.swift in Sources */,
				B9689C8F511CEFFC7154AE31 /* CloudSyncStatusTests.swift in Sources */,
				83CECBE7C21FE854EA0AC18A /* ColorPaletteTests.swift in Sources */,
				B0497F396DF93412A1B1C2B7 /* GitHubAuthTests.swift in Sources */,
				73F620747190D52589CD56C2 /* IssueBodyParserTests.swift in Sources */,
				F9726B0E943C3131909A4868 /* IssueListViewModelTests.swift in Sources */,
				50C66BC87F07C4DFD441679E /* IssueLoaderTests.swift in Sources */,
				9D6D08D05D3623D6DD8C70CC /* MockURLProtocol.swift in Sources */,
				02CD1D56F06F44F045B838EA /* ModelsTests.swift in Sources */,
				A7E7D1F467C7C3110AE5BC29 /* RepoStoreTests.swift in Sources */,
				E1B284FC2FFA5E1D746E4B88 /* RepoTests.swift in Sources */,
			);
			runOnlyForDeploymentPostprocessing = 0;
		};
		BB957D77255FA8F5A30CF2EA /* Sources */ = {
			isa = PBXSourcesBuildPhase;
			buildActionMask = 2147483647;
			files = (
				1A5087796E77E3A1B3254A6A /* AddEditRepoView.swift in Sources */,
				70CBB922382FA90982EC8DB5 /* AppFeedbackApp.swift in Sources */,
				C8B0A33BDD691C4C94FF30E2 /* AppRowView.swift in Sources */,
				F4A10388C761178F5BBDD845 /* CloudSyncStatus.swift in Sources */,
				06D39198121162064798816A /* CloudSyncStatusRow.swift in Sources */,
				1FC6FF311F9D78628F13989A /* ColorPalette.swift in Sources */,
				E3611B8BC7E8C7EE99D7407D /* FeedbackIssue.swift in Sources */,
				6F4322ADD276DC8E84E3ACEF /* FilterBarView.swift in Sources */,
				F89204E74E5F3287ABF63651 /* GitHubAPIModels.swift in Sources */,
				EA29D7D0BC140D0B14DDAAD6 /* GitHubAuthModels.swift in Sources */,
				531DB32D49CF59E17B8EA499 /* GitHubAuthService.swift in Sources */,
				782DFA0D5F5B0CB20163FCBA /* GitHubLoginView.swift in Sources */,
				25F7B59FEC7FE618A2DDE973 /* IssueBodyParser.swift in Sources */,
				3D2D22659A73D049363DE6D9 /* IssueCardView.swift in Sources */,
				1577DC0BC8722C947D30CCA1 /* IssueListView.swift in Sources */,
				C9332423AA912E83E6F32921 /* IssueListViewModel.swift in Sources */,
				856830AFA2C9B3E9D9F938D9 /* IssueLoader.swift in Sources */,
				AD72C524AE9F03E7E1FD6484 /* KeychainService.swift in Sources */,
				7B8BCFC7FC5636D0038B7FF3 /* Repo.swift in Sources */,
				38EC294B4EE9CC45E2839A1D /* RepoConfig.swift in Sources */,
				3F5B521DE12C89725A89F562 /* RepoSectionView.swift in Sources */,
				DBB188271BB3EFB984EFB998 /* RepoStore.swift in Sources */,
				8792D33C9D64EA70301862E5 /* RootView.swift in Sources */,
				391FB12149E53F097791666F /* SettingsView.swift in Sources */,
				00D2184620E75F5220E16288 /* SidebarSelection.swift in Sources */,
				30F1CB706C0706655B42707A /* SidebarView.swift in Sources */,
			);
			runOnlyForDeploymentPostprocessing = 0;
		};
		C09AA97694318F284FA4ED1C /* Sources */ = {
			isa = PBXSourcesBuildPhase;
			buildActionMask = 2147483647;
			files = (
				57A1B6E768B25DD22D47D28B /* AppFeedbackTests.swift in Sources */,
				A5E4894A6D7EF95BFC260B9A /* CloudSyncStatusTests.swift in Sources */,
				1FFBC02E1CD2B43D200270EF /* ColorPaletteTests.swift in Sources */,
				2C178B6BDA408AF752A96ECA /* GitHubAuthTests.swift in Sources */,
				0899566DE225846D3FD10FBD /* IssueBodyParserTests.swift in Sources */,
				95C780F86DEB1FEF68E14805 /* IssueListViewModelTests.swift in Sources */,
				0E54C6D9A78AA7FBF57A04CD /* IssueLoaderTests.swift in Sources */,
				A39AE526357FEEAFB785BCA5 /* MockURLProtocol.swift in Sources */,
				836FFB069E523420DA80733C /* ModelsTests.swift in Sources */,
				3205B78847815D3A10940230 /* RepoStoreTests.swift in Sources */,
				3C6E952703DE6A0762C09A98 /* RepoTests.swift in Sources */,
			);
			runOnlyForDeploymentPostprocessing = 0;
		};
/* End PBXSourcesBuildPhase section */

/* Begin PBXTargetDependency section */
		0AD7049354C2E9BC3F066AC3 /* PBXTargetDependency */ = {
			isa = PBXTargetDependency;
			target = 20A26AC69E1ED7451DB998BE /* AppFeedback_macOS */;
			targetProxy = 90EDAD20D9B7E1D8150BBC27 /* PBXContainerItemProxy */;
		};
		6AD863EB57D27DCD311EF964 /* PBXTargetDependency */ = {
			isa = PBXTargetDependency;
			target = 8853BB5D103CA8AE5D6613DC /* AppFeedback_iOS */;
			targetProxy = 2C506930D3B61CA8C8AFBF64 /* PBXContainerItemProxy */;
		};
/* End PBXTargetDependency section */

/* Begin XCBuildConfiguration section */
		0B275B463A0AAB2D07CB5C16 /* Debug */ = {
			isa = XCBuildConfiguration;
			buildSettings = {
				ASSETCATALOG_COMPILER_APPICON_NAME = AppIcon;
				CODE_SIGN_ENTITLEMENTS = AppFeedback/AppFeedback.entitlements;
				CODE_SIGN_IDENTITY = "iPhone Developer";
				CODE_SIGN_STYLE = Automatic;
				CURRENT_PROJECT_VERSION = 1;
				GENERATE_INFOPLIST_FILE = YES;
				IPHONEOS_DEPLOYMENT_TARGET = 17.0;
				LD_RUNPATH_SEARCH_PATHS = (
					"$(inherited)",
					"@executable_path/Frameworks",
				);
				MARKETING_VERSION = 1.0;
				PRODUCT_BUNDLE_IDENTIFIER = com.amirhayek.AppFeedback;
				PRODUCT_NAME = AppFeedback;
				SDKROOT = iphoneos;
				SWIFT_VERSION = 5.9;
				TARGETED_DEVICE_FAMILY = "1,2";
			};
			name = Debug;
		};
		18C98EAD09AA0DDABAC0CCD3 /* Release */ = {
			isa = XCBuildConfiguration;
			buildSettings = {
				BUNDLE_LOADER = "$(TEST_HOST)";
				COMBINE_HIDPI_IMAGES = YES;
				GENERATE_INFOPLIST_FILE = YES;
				LD_RUNPATH_SEARCH_PATHS = (
					"$(inherited)",
					"@executable_path/../Frameworks",
					"@loader_path/../Frameworks",
				);
				MACOSX_DEPLOYMENT_TARGET = 14.0;
				PRODUCT_BUNDLE_IDENTIFIER = com.amirhayek.AppFeedbackTests;
				PRODUCT_NAME = AppFeedbackTests;
				SDKROOT = macosx;
				SWIFT_VERSION = 5.9;
				TEST_HOST = "$(BUILT_PRODUCTS_DIR)/AppFeedback.app/Contents/MacOS/AppFeedback";
			};
			name = Release;
		};
		1C653BE8EBEC6A959802A87B /* Release */ = {
			isa = XCBuildConfiguration;
			buildSettings = {
				ASSETCATALOG_COMPILER_APPICON_NAME = AppIcon;
				CODE_SIGN_ENTITLEMENTS = AppFeedback/AppFeedback.entitlements;
				CODE_SIGN_STYLE = Automatic;
				COMBINE_HIDPI_IMAGES = YES;
				CURRENT_PROJECT_VERSION = 1;
				GENERATE_INFOPLIST_FILE = YES;
				LD_RUNPATH_SEARCH_PATHS = (
					"$(inherited)",
					"@executable_path/../Frameworks",
				);
				MACOSX_DEPLOYMENT_TARGET = 14.0;
				MARKETING_VERSION = 1.0;
				PRODUCT_BUNDLE_IDENTIFIER = com.amirhayek.AppFeedback;
				PRODUCT_NAME = AppFeedback;
				SDKROOT = macosx;
				SWIFT_VERSION = 5.9;
			};
			name = Release;
		};
		2C1A424F485F933543860B30 /* Debug */ = {
			isa = XCBuildConfiguration;
			buildSettings = {
				BUNDLE_LOADER = "$(TEST_HOST)";
				COMBINE_HIDPI_IMAGES = YES;
				GENERATE_INFOPLIST_FILE = YES;
				LD_RUNPATH_SEARCH_PATHS = (
					"$(inherited)",
					"@executable_path/../Frameworks",
					"@loader_path/../Frameworks",
				);
				MACOSX_DEPLOYMENT_TARGET = 14.0;
				PRODUCT_BUNDLE_IDENTIFIER = com.amirhayek.AppFeedbackTests;
				PRODUCT_NAME = AppFeedbackTests;
				SDKROOT = macosx;
				SWIFT_VERSION = 5.9;
				TEST_HOST = "$(BUILT_PRODUCTS_DIR)/AppFeedback.app/Contents/MacOS/AppFeedback";
			};
			name = Debug;
		};
		4968F4854BD794260821C58D /* Debug */ = {
			isa = XCBuildConfiguration;
			buildSettings = {
				ALWAYS_SEARCH_USER_PATHS = NO;
				CLANG_ANALYZER_NONNULL = YES;
				CLANG_ANALYZER_NUMBER_OBJECT_CONVERSION = YES_AGGRESSIVE;
				CLANG_CXX_LANGUAGE_STANDARD = "gnu++14";
				CLANG_CXX_LIBRARY = "libc++";
				CLANG_ENABLE_MODULES = YES;
				CLANG_ENABLE_OBJC_ARC = YES;
				CLANG_ENABLE_OBJC_WEAK = YES;
				CLANG_WARN_BLOCK_CAPTURE_AUTORELEASING = YES;
				CLANG_WARN_BOOL_CONVERSION = YES;
				CLANG_WARN_COMMA = YES;
				CLANG_WARN_CONSTANT_CONVERSION = YES;
				CLANG_WARN_DEPRECATED_OBJC_IMPLEMENTATIONS = YES;
				CLANG_WARN_DIRECT_OBJC_ISA_USAGE = YES_ERROR;
				CLANG_WARN_DOCUMENTATION_COMMENTS = YES;
				CLANG_WARN_EMPTY_BODY = YES;
				CLANG_WARN_ENUM_CONVERSION = YES;
				CLANG_WARN_INFINITE_RECURSION = YES;
				CLANG_WARN_INT_CONVERSION = YES;
				CLANG_WARN_NON_LITERAL_NULL_CONVERSION = YES;
				CLANG_WARN_OBJC_IMPLICIT_RETAIN_SELF = YES;
				CLANG_WARN_OBJC_LITERAL_CONVERSION = YES;
				CLANG_WARN_OBJC_ROOT_CLASS = YES_ERROR;
				CLANG_WARN_QUOTED_INCLUDE_IN_FRAMEWORK_HEADER = YES;
				CLANG_WARN_RANGE_LOOP_ANALYSIS = YES;
				CLANG_WARN_STRICT_PROTOTYPES = YES;
				CLANG_WARN_SUSPICIOUS_MOVE = YES;
				CLANG_WARN_UNGUARDED_AVAILABILITY = YES_AGGRESSIVE;
				CLANG_WARN_UNREACHABLE_CODE = YES;
				CLANG_WARN__DUPLICATE_METHOD_MATCH = YES;
				COPY_PHASE_STRIP = NO;
				DEBUG_INFORMATION_FORMAT = dwarf;
				ENABLE_STRICT_OBJC_MSGSEND = YES;
				ENABLE_TESTABILITY = YES;
				GCC_C_LANGUAGE_STANDARD = gnu11;
				GCC_DYNAMIC_NO_PIC = NO;
				GCC_NO_COMMON_BLOCKS = YES;
				GCC_OPTIMIZATION_LEVEL = 0;
				GCC_PREPROCESSOR_DEFINITIONS = (
					"$(inherited)",
					"DEBUG=1",
				);
				GCC_WARN_64_TO_32_BIT_CONVERSION = YES;
				GCC_WARN_ABOUT_RETURN_TYPE = YES_ERROR;
				GCC_WARN_UNDECLARED_SELECTOR = YES;
				GCC_WARN_UNINITIALIZED_AUTOS = YES_AGGRESSIVE;
				GCC_WARN_UNUSED_FUNCTION = YES;
				GCC_WARN_UNUSED_VARIABLE = YES;
				IPHONEOS_DEPLOYMENT_TARGET = 17.0;
				MACOSX_DEPLOYMENT_TARGET = 14.0;
				MTL_ENABLE_DEBUG_INFO = INCLUDE_SOURCE;
				MTL_FAST_MATH = YES;
				ONLY_ACTIVE_ARCH = YES;
				PRODUCT_NAME = "$(TARGET_NAME)";
				SWIFT_ACTIVE_COMPILATION_CONDITIONS = DEBUG;
				SWIFT_OPTIMIZATION_LEVEL = "-Onone";
				SWIFT_VERSION = 5.0;
			};
			name = Debug;
		};
		4FE0C8E83FD1B8B488869A31 /* Release */ = {
			isa = XCBuildConfiguration;
			buildSettings = {
				BUNDLE_LOADER = "$(TEST_HOST)";
				GENERATE_INFOPLIST_FILE = YES;
				IPHONEOS_DEPLOYMENT_TARGET = 17.0;
				LD_RUNPATH_SEARCH_PATHS = (
					"$(inherited)",
					"@executable_path/Frameworks",
					"@loader_path/Frameworks",
				);
				PRODUCT_BUNDLE_IDENTIFIER = com.amirhayek.AppFeedbackTests;
				PRODUCT_NAME = AppFeedbackTests;
				SDKROOT = iphoneos;
				SWIFT_VERSION = 5.9;
				TARGETED_DEVICE_FAMILY = "1,2";
				TEST_HOST = "$(BUILT_PRODUCTS_DIR)/AppFeedback.app/AppFeedback";
			};
			name = Release;
		};
		87E95F06F3553CA1F21D6E54 /* Debug */ = {
			isa = XCBuildConfiguration;
			buildSettings = {
				BUNDLE_LOADER = "$(TEST_HOST)";
				GENERATE_INFOPLIST_FILE = YES;
				IPHONEOS_DEPLOYMENT_TARGET = 17.0;
				LD_RUNPATH_SEARCH_PATHS = (
					"$(inherited)",
					"@executable_path/Frameworks",
					"@loader_path/Frameworks",
				);
				PRODUCT_BUNDLE_IDENTIFIER = com.amirhayek.AppFeedbackTests;
				PRODUCT_NAME = AppFeedbackTests;
				SDKROOT = iphoneos;
				SWIFT_VERSION = 5.9;
				TARGETED_DEVICE_FAMILY = "1,2";
				TEST_HOST = "$(BUILT_PRODUCTS_DIR)/AppFeedback.app/AppFeedback";
			};
			name = Debug;
		};
		9219DB34862F23893D4860E4 /* Release */ = {
			isa = XCBuildConfiguration;
			buildSettings = {
				ALWAYS_SEARCH_USER_PATHS = NO;
				CLANG_ANALYZER_NONNULL = YES;
				CLANG_ANALYZER_NUMBER_OBJECT_CONVERSION = YES_AGGRESSIVE;
				CLANG_CXX_LANGUAGE_STANDARD = "gnu++14";
				CLANG_CXX_LIBRARY = "libc++";
				CLANG_ENABLE_MODULES = YES;
				CLANG_ENABLE_OBJC_ARC = YES;
				CLANG_ENABLE_OBJC_WEAK = YES;
				CLANG_WARN_BLOCK_CAPTURE_AUTORELEASING = YES;
				CLANG_WARN_BOOL_CONVERSION = YES;
				CLANG_WARN_COMMA = YES;
				CLANG_WARN_CONSTANT_CONVERSION = YES;
				CLANG_WARN_DEPRECATED_OBJC_IMPLEMENTATIONS = YES;
				CLANG_WARN_DIRECT_OBJC_ISA_USAGE = YES_ERROR;
				CLANG_WARN_DOCUMENTATION_COMMENTS = YES;
				CLANG_WARN_EMPTY_BODY = YES;
				CLANG_WARN_ENUM_CONVERSION = YES;
				CLANG_WARN_INFINITE_RECURSION = YES;
				CLANG_WARN_INT_CONVERSION = YES;
				CLANG_WARN_NON_LITERAL_NULL_CONVERSION = YES;
				CLANG_WARN_OBJC_IMPLICIT_RETAIN_SELF = YES;
				CLANG_WARN_OBJC_LITERAL_CONVERSION = YES;
				CLANG_WARN_OBJC_ROOT_CLASS = YES_ERROR;
				CLANG_WARN_QUOTED_INCLUDE_IN_FRAMEWORK_HEADER = YES;
				CLANG_WARN_RANGE_LOOP_ANALYSIS = YES;
				CLANG_WARN_STRICT_PROTOTYPES = YES;
				CLANG_WARN_SUSPICIOUS_MOVE = YES;
				CLANG_WARN_UNGUARDED_AVAILABILITY = YES_AGGRESSIVE;
				CLANG_WARN_UNREACHABLE_CODE = YES;
				CLANG_WARN__DUPLICATE_METHOD_MATCH = YES;
				COPY_PHASE_STRIP = NO;
				DEBUG_INFORMATION_FORMAT = "dwarf-with-dsym";
				ENABLE_NS_ASSERTIONS = NO;
				ENABLE_STRICT_OBJC_MSGSEND = YES;
				GCC_C_LANGUAGE_STANDARD = gnu11;
				GCC_NO_COMMON_BLOCKS = YES;
				GCC_WARN_64_TO_32_BIT_CONVERSION = YES;
				GCC_WARN_ABOUT_RETURN_TYPE = YES_ERROR;
				GCC_WARN_UNDECLARED_SELECTOR = YES;
				GCC_WARN_UNINITIALIZED_AUTOS = YES_AGGRESSIVE;
				GCC_WARN_UNUSED_FUNCTION = YES;
				GCC_WARN_UNUSED_VARIABLE = YES;
				IPHONEOS_DEPLOYMENT_TARGET = 17.0;
				MACOSX_DEPLOYMENT_TARGET = 14.0;
				MTL_ENABLE_DEBUG_INFO = NO;
				MTL_FAST_MATH = YES;
				PRODUCT_NAME = "$(TARGET_NAME)";
				SWIFT_COMPILATION_MODE = wholemodule;
				SWIFT_OPTIMIZATION_LEVEL = "-O";
				SWIFT_VERSION = 5.0;
			};
			name = Release;
		};
		E10F2EB0FD772E4F3432A692 /* Release */ = {
			isa = XCBuildConfiguration;
			buildSettings = {
				ASSETCATALOG_COMPILER_APPICON_NAME = AppIcon;
				CODE_SIGN_ENTITLEMENTS = AppFeedback/AppFeedback.entitlements;
				CODE_SIGN_IDENTITY = "iPhone Developer";
				CODE_SIGN_STYLE = Automatic;
				CURRENT_PROJECT_VERSION = 1;
				GENERATE_INFOPLIST_FILE = YES;
				IPHONEOS_DEPLOYMENT_TARGET = 17.0;
				LD_RUNPATH_SEARCH_PATHS = (
					"$(inherited)",
					"@executable_path/Frameworks",
				);
				MARKETING_VERSION = 1.0;
				PRODUCT_BUNDLE_IDENTIFIER = com.amirhayek.AppFeedback;
				PRODUCT_NAME = AppFeedback;
				SDKROOT = iphoneos;
				SWIFT_VERSION = 5.9;
				TARGETED_DEVICE_FAMILY = "1,2";
			};
			name = Release;
		};
		F341586636F7000F16D10914 /* Debug */ = {
			isa = XCBuildConfiguration;
			buildSettings = {
				ASSETCATALOG_COMPILER_APPICON_NAME = AppIcon;
				CODE_SIGN_ENTITLEMENTS = AppFeedback/AppFeedback.entitlements;
				CODE_SIGN_STYLE = Automatic;
				COMBINE_HIDPI_IMAGES = YES;
				CURRENT_PROJECT_VERSION = 1;
				GENERATE_INFOPLIST_FILE = YES;
				LD_RUNPATH_SEARCH_PATHS = (
					"$(inherited)",
					"@executable_path/../Frameworks",
				);
				MACOSX_DEPLOYMENT_TARGET = 14.0;
				MARKETING_VERSION = 1.0;
				PRODUCT_BUNDLE_IDENTIFIER = com.amirhayek.AppFeedback;
				PRODUCT_NAME = AppFeedback;
				SDKROOT = macosx;
				SWIFT_VERSION = 5.9;
			};
			name = Debug;
		};
/* End XCBuildConfiguration section */

/* Begin XCConfigurationList section */
		11176A345F4CEFAB23BCE36C /* Build configuration list for PBXNativeTarget "AppFeedbackTests_macOS" */ = {
			isa = XCConfigurationList;
			buildConfigurations = (
				2C1A424F485F933543860B30 /* Debug */,
				18C98EAD09AA0DDABAC0CCD3 /* Release */,
			);
			defaultConfigurationIsVisible = 0;
			defaultConfigurationName = Debug;
		};
		19AF0B312B2E0704A89DEBA1 /* Build configuration list for PBXNativeTarget "AppFeedback_iOS" */ = {
			isa = XCConfigurationList;
			buildConfigurations = (
				0B275B463A0AAB2D07CB5C16 /* Debug */,
				E10F2EB0FD772E4F3432A692 /* Release */,
			);
			defaultConfigurationIsVisible = 0;
			defaultConfigurationName = Debug;
		};
		37E358632307B92B73FE3002 /* Build configuration list for PBXNativeTarget "AppFeedback_macOS" */ = {
			isa = XCConfigurationList;
			buildConfigurations = (
				F341586636F7000F16D10914 /* Debug */,
				1C653BE8EBEC6A959802A87B /* Release */,
			);
			defaultConfigurationIsVisible = 0;
			defaultConfigurationName = Debug;
		};
		CB7CC4A370C150727CE6885B /* Build configuration list for PBXProject "AppFeedback" */ = {
			isa = XCConfigurationList;
			buildConfigurations = (
				4968F4854BD794260821C58D /* Debug */,
				9219DB34862F23893D4860E4 /* Release */,
			);
			defaultConfigurationIsVisible = 0;
			defaultConfigurationName = Debug;
		};
		CC3EEA99029DD1192566FE3D /* Build configuration list for PBXNativeTarget "AppFeedbackTests_iOS" */ = {
			isa = XCConfigurationList;
			buildConfigurations = (
				87E95F06F3553CA1F21D6E54 /* Debug */,
				4FE0C8E83FD1B8B488869A31 /* Release */,
			);
			defaultConfigurationIsVisible = 0;
			defaultConfigurationName = Debug;
		};
/* End XCConfigurationList section */
	};
	rootObject = 2055BE55033CEB050CECB882 /* Project object */;
}
